
Microsoft Visual Studio Solution File, Format Version 12.00
# Visual Studio Version 17
VisualStudioVersion = 17.10.35013.160
MinimumVisualStudioVersion = 10.0.40219.1
Project("{FAE04EC0-301F-11D3-BF4B-00C04F79EFBC}") = "SwitchPageMVVM", "SwitchPageMVVM\SwitchPageMVVM.csproj", "{5F260097-AD81-46E1-BA45-1EB65C0A5082}"
EndProject
Global
	GlobalSection(SolutionConfigurationPlatforms) = preSolution
		Debug|Any CPU = Debug|Any CPU
		Release|Any CPU = Release|Any CPU
	EndGlobalSection
	GlobalSection(ProjectConfigurationPlatforms) = postSolution
		{5F260097-AD81-46E1-BA45-1EB65C0A5082}.Debug|Any CPU.ActiveCfg = Debug|Any CPU
		{5F260097-AD81-46E1-BA45-1EB65C0A5082}.Debug|Any CPU.Build.0 = Debug|Any CPU
		{5F260097-AD81-46E1-BA45-1EB65C0A5082}.Release|Any CPU.ActiveCfg = Release|Any CPU
		{5F260097-AD81-46E1-BA45-1EB65C0A5082}.Release|Any CPU.Build.0 = Release|Any CPU
	EndGlobalSection
	GlobalSection(SolutionProperties) = preSolution
		HideSolutionNode = FALSE
	EndGlobalSection
	GlobalSection(ExtensibilityGlobals) = postSolution
		SolutionGuid = {2480182E-57B8-4931-BABF-77988B01E590}
	EndGlobalSection
EndGlobal
